
Microsoft Visual Studio Solution File, Format Version 12.00
# Visual Studio 15
VisualStudioVersion = 15.0.28010.2016
MinimumVisualStudioVersion = 10.0.40219.1
Project("{9A19103F-16F7-4668-BE54-9A1E7A4F7556}") = "BlocksCore.Web", "BlocksCore.Web\BlocksCore.Web.csproj", "{2D3E372A-637C-4192-9EB3-19F89A294B7F}"
EndProject
Project("{2150E333-8FDC-42A3-9474-1A3956D46DE8}") = "BlockCore", "BlockCore", "{2B0B3888-FF8C-4385-A693-23251386F3BE}"
EndProject
Project("{2150E333-8FDC-42A3-9474-1A3956D46DE8}") = "Test", "Test", "{E071A04F-7DC9-44C3-BA89-ABC50DF08D39}"
EndProject
Project("{2150E333-8FDC-42A3-9474-1A3956D46DE8}") = "Face", "Face", "{367870C3-D2C8-4A9A-9326-47EF9881CB86}"
EndProject
Project("{9A19103F-16F7-4668-BE54-9A1E7A4F7556}") = "BlocksCore.Appliction.Face", "BlocksCore.Appliction.Face\BlocksCore.Appliction.Face.csproj", "{35412F76-529C-4791-8ACF-3CC3BA8E86F9}"
EndProject
Project("{9A19103F-16F7-4668-BE54-9A1E7A4F7556}") = "BlocksCore.Test", "Test\BlocksCore.Test\BlocksCore.Test.csproj", "{9858A4E6-326C-42D5-967A-D82083327C66}"
EndProject
Project("{2150E333-8FDC-42A3-9474-1A3956D46DE8}") = "TestModules", "TestModules", "{C29C5F9F-22C9-4CC6-8F17-69842563BBEA}"
EndProject
Project("{9A19103F-16F7-4668-BE54-9A1E7A4F7556}") = "BlocksCore.SyntacticAbstractions", "BlocksCore.SyntacticAbstractions\BlocksCore.SyntacticAbstractions.csproj", "{3467E313-7203-4BB0-9D16-A31BA93F30CB}"
EndProject
Project("{2150E333-8FDC-42A3-9474-1A3956D46DE8}") = "Modular", "Modular", "{7516A50E-BE14-4B62-A8C4-5BBD113816DE}"
EndProject
Project("{9A19103F-16F7-4668-BE54-9A1E7A4F7556}") = "BlocksCore.Module.Face", "BlocksCore.Module.Face\BlocksCore.Module.Face.csproj", "{7D970C0D-0041-4004-B58D-0920243ADDA6}"
EndProject
Project("{9A19103F-16F7-4668-BE54-9A1E7A4F7556}") = "TestModule", "Test\TestModules\TestModule\TestModule.csproj", "{F2D5F8DB-4BA9-4D30-9D0E-D93BFE9FCE2C}"
EndProject
Project("{9A19103F-16F7-4668-BE54-9A1E7A4F7556}") = "BlocksCore.Enviroment.Shell", "BlocksCore.Enviroment.Shell\BlocksCore.Enviroment.Shell.csproj", "{9CDDBEDE-A4FA-4B00-92E9-548D0C86A60F}"
EndProject
Project("{9A19103F-16F7-4668-BE54-9A1E7A4F7556}") = "BlocksCore.Exception", "BlocksCore.Exception\BlocksCore.Exception.csproj", "{3B12C8E1-D8E7-4DE8-BE0B-99223E7FA557}"
EndProject
Project("{2150E333-8FDC-42A3-9474-1A3956D46DE8}") = "Modules", "Modules", "{3A7607EE-852C-4254-A04D-F4042F000AF7}"
EndProject
Project("{9A19103F-16F7-4668-BE54-9A1E7A4F7556}") = "BlocksCore.ResourcesManagement", "BlocksCore.ResourcesManagement\BlocksCore.ResourcesManagement.csproj", "{DD383408-7C52-43A6-934B-814EE7D99976}"
EndProject
Project("{9A19103F-16F7-4668-BE54-9A1E7A4F7556}") = "BlocksCore.Resources", "Modules\BlocksCore.Resources\BlocksCore.Resources.csproj", "{9668682E-ACF6-420D-A6C1-4C3D4C6FEB92}"
EndProject
Project("{FAE04EC0-301F-11D3-BF4B-00C04F79EFBC}") = "BlocksCore.Abstractions", "BlocksCore.Abstractions\BlocksCore.Abstractions.csproj", "{DC5DFC9C-72D8-4899-B4AF-CA0207842FD7}"
EndProject
Project("{FAE04EC0-301F-11D3-BF4B-00C04F79EFBC}") = "BlocksCore", "BlocksCore\BlocksCore.csproj", "{A84533ED-C75E-427E-8135-F5834875C45E}"
EndProject
Global
	GlobalSection(SolutionConfigurationPlatforms) = preSolution
		Debug|Any CPU = Debug|Any CPU
		Release|Any CPU = Release|Any CPU
	EndGlobalSection
	GlobalSection(ProjectConfigurationPlatforms) = postSolution
		{2D3E372A-637C-4192-9EB3-19F89A294B7F}.Debug|Any CPU.ActiveCfg = Debug|Any CPU
		{2D3E372A-637C-4192-9EB3-19F89A294B7F}.Debug|Any CPU.Build.0 = Debug|Any CPU
		{2D3E372A-637C-4192-9EB3-19F89A294B7F}.Release|Any CPU.ActiveCfg = Release|Any CPU
		{2D3E372A-637C-4192-9EB3-19F89A294B7F}.Release|Any CPU.Build.0 = Release|Any CPU
		{35412F76-529C-4791-8ACF-3CC3BA8E86F9}.Debug|Any CPU.ActiveCfg = Debug|Any CPU
		{35412F76-529C-4791-8ACF-3CC3BA8E86F9}.Debug|Any CPU.Build.0 = Debug|Any CPU
		{35412F76-529C-4791-8ACF-3CC3BA8E86F9}.Release|Any CPU.ActiveCfg = Release|Any CPU
		{35412F76-529C-4791-8ACF-3CC3BA8E86F9}.Release|Any CPU.Build.0 = Release|Any CPU
		{9858A4E6-326C-42D5-967A-D82083327C66}.Debug|Any CPU.ActiveCfg = Debug|Any CPU
		{9858A4E6-326C-42D5-967A-D82083327C66}.Debug|Any CPU.Build.0 = Debug|Any CPU
		{9858A4E6-326C-42D5-967A-D82083327C66}.Release|Any CPU.ActiveCfg = Release|Any CPU
		{9858A4E6-326C-42D5-967A-D82083327C66}.Release|Any CPU.Build.0 = Release|Any CPU
		{3467E313-7203-4BB0-9D16-A31BA93F30CB}.Debug|Any CPU.ActiveCfg = Debug|Any CPU
		{3467E313-7203-4BB0-9D16-A31BA93F30CB}.Debug|Any CPU.Build.0 = Debug|Any CPU
		{3467E313-7203-4BB0-9D16-A31BA93F30CB}.Release|Any CPU.ActiveCfg = Release|Any CPU
		{3467E313-7203-4BB0-9D16-A31BA93F30CB}.Release|Any CPU.Build.0 = Release|Any CPU
		{7D970C0D-0041-4004-B58D-0920243ADDA6}.Debug|Any CPU.ActiveCfg = Debug|Any CPU
		{7D970C0D-0041-4004-B58D-0920243ADDA6}.Debug|Any CPU.Build.0 = Debug|Any CPU
		{7D970C0D-0041-4004-B58D-0920243ADDA6}.Release|Any CPU.ActiveCfg = Release|Any CPU
		{7D970C0D-0041-4004-B58D-0920243ADDA6}.Release|Any CPU.Build.0 = Release|Any CPU
		{F2D5F8DB-4BA9-4D30-9D0E-D93BFE9FCE2C}.Debug|Any CPU.ActiveCfg = Debug|Any CPU
		{F2D5F8DB-4BA9-4D30-9D0E-D93BFE9FCE2C}.Debug|Any CPU.Build.0 = Debug|Any CPU
		{F2D5F8DB-4BA9-4D30-9D0E-D93BFE9FCE2C}.Release|Any CPU.ActiveCfg = Release|Any CPU
		{F2D5F8DB-4BA9-4D30-9D0E-D93BFE9FCE2C}.Release|Any CPU.Build.0 = Release|Any CPU
		{9CDDBEDE-A4FA-4B00-92E9-548D0C86A60F}.Debug|Any CPU.ActiveCfg = Debug|Any CPU
		{9CDDBEDE-A4FA-4B00-92E9-548D0C86A60F}.Debug|Any CPU.Build.0 = Debug|Any CPU
		{9CDDBEDE-A4FA-4B00-92E9-548D0C86A60F}.Release|Any CPU.ActiveCfg = Release|Any CPU
		{9CDDBEDE-A4FA-4B00-92E9-548D0C86A60F}.Release|Any CPU.Build.0 = Release|Any CPU
		{3B12C8E1-D8E7-4DE8-BE0B-99223E7FA557}.Debug|Any CPU.ActiveCfg = Debug|Any CPU
		{3B12C8E1-D8E7-4DE8-BE0B-99223E7FA557}.Debug|Any CPU.Build.0 = Debug|Any CPU
		{3B12C8E1-D8E7-4DE8-BE0B-99223E7FA557}.Release|Any CPU.ActiveCfg = Release|Any CPU
		{3B12C8E1-D8E7-4DE8-BE0B-99223E7FA557}.Release|Any CPU.Build.0 = Release|Any CPU
		{DD383408-7C52-43A6-934B-814EE7D99976}.Debug|Any CPU.ActiveCfg = Debug|Any CPU
		{DD383408-7C52-43A6-934B-814EE7D99976}.Debug|Any CPU.Build.0 = Debug|Any CPU
		{DD383408-7C52-43A6-934B-814EE7D99976}.Release|Any CPU.ActiveCfg = Release|Any CPU
		{DD383408-7C52-43A6-934B-814EE7D99976}.Release|Any CPU.Build.0 = Release|Any CPU
		{9668682E-ACF6-420D-A6C1-4C3D4C6FEB92}.Debug|Any CPU.ActiveCfg = Debug|Any CPU
		{9668682E-ACF6-420D-A6C1-4C3D4C6FEB92}.Debug|Any CPU.Build.0 = Debug|Any CPU
		{9668682E-ACF6-420D-A6C1-4C3D4C6FEB92}.Release|Any CPU.ActiveCfg = Release|Any CPU
		{9668682E-ACF6-420D-A6C1-4C3D4C6FEB92}.Release|Any CPU.Build.0 = Release|Any CPU
		{DC5DFC9C-72D8-4899-B4AF-CA0207842FD7}.Debug|Any CPU.ActiveCfg = Debug|Any CPU
		{DC5DFC9C-72D8-4899-B4AF-CA0207842FD7}.Debug|Any CPU.Build.0 = Debug|Any CPU
		{DC5DFC9C-72D8-4899-B4AF-CA0207842FD7}.Release|Any CPU.ActiveCfg = Release|Any CPU
		{DC5DFC9C-72D8-4899-B4AF-CA0207842FD7}.Release|Any CPU.Build.0 = Release|Any CPU
		{A84533ED-C75E-427E-8135-F5834875C45E}.Debug|Any CPU.ActiveCfg = Debug|Any CPU
		{A84533ED-C75E-427E-8135-F5834875C45E}.Debug|Any CPU.Build.0 = Debug|Any CPU
		{A84533ED-C75E-427E-8135-F5834875C45E}.Release|Any CPU.ActiveCfg = Release|Any CPU
		{A84533ED-C75E-427E-8135-F5834875C45E}.Release|Any CPU.Build.0 = Release|Any CPU
	EndGlobalSection
	GlobalSection(SolutionProperties) = preSolution
		HideSolutionNode = FALSE
	EndGlobalSection
	GlobalSection(NestedProjects) = preSolution
		{367870C3-D2C8-4A9A-9326-47EF9881CB86} = {2B0B3888-FF8C-4385-A693-23251386F3BE}
		{35412F76-529C-4791-8ACF-3CC3BA8E86F9} = {367870C3-D2C8-4A9A-9326-47EF9881CB86}
		{9858A4E6-326C-42D5-967A-D82083327C66} = {E071A04F-7DC9-44C3-BA89-ABC50DF08D39}
		{C29C5F9F-22C9-4CC6-8F17-69842563BBEA} = {E071A04F-7DC9-44C3-BA89-ABC50DF08D39}
		{3467E313-7203-4BB0-9D16-A31BA93F30CB} = {2B0B3888-FF8C-4385-A693-23251386F3BE}
		{7516A50E-BE14-4B62-A8C4-5BBD113816DE} = {2B0B3888-FF8C-4385-A693-23251386F3BE}
		{7D970C0D-0041-4004-B58D-0920243ADDA6} = {367870C3-D2C8-4A9A-9326-47EF9881CB86}
		{F2D5F8DB-4BA9-4D30-9D0E-D93BFE9FCE2C} = {C29C5F9F-22C9-4CC6-8F17-69842563BBEA}
		{9CDDBEDE-A4FA-4B00-92E9-548D0C86A60F} = {2B0B3888-FF8C-4385-A693-23251386F3BE}
		{3B12C8E1-D8E7-4DE8-BE0B-99223E7FA557} = {2B0B3888-FF8C-4385-A693-23251386F3BE}
		{DD383408-7C52-43A6-934B-814EE7D99976} = {2B0B3888-FF8C-4385-A693-23251386F3BE}
		{9668682E-ACF6-420D-A6C1-4C3D4C6FEB92} = {3A7607EE-852C-4254-A04D-F4042F000AF7}
		{DC5DFC9C-72D8-4899-B4AF-CA0207842FD7} = {7516A50E-BE14-4B62-A8C4-5BBD113816DE}
		{A84533ED-C75E-427E-8135-F5834875C45E} = {7516A50E-BE14-4B62-A8C4-5BBD113816DE}
	EndGlobalSection
	GlobalSection(ExtensibilityGlobals) = postSolution
		SolutionGuid = {BEFB9ABF-D7CC-4D42-BC6F-36EA8DA8A085}
	EndGlobalSection
EndGlobal
