
Microsoft Visual Studio Solution File, Format Version 12.00
# Visual Studio 15
VisualStudioVersion = 15.0.28010.2016
MinimumVisualStudioVersion = 10.0.40219.1
Project("{FAE04EC0-301F-11D3-BF4B-00C04F79EFBC}") = "BlocksCore", "BlocksCore\BlocksCore.csproj", "{D8C6D0C6-8ED0-471F-92EF-0A6936C1C883}"
EndProject
Project("{FAE04EC0-301F-11D3-BF4B-00C04F79EFBC}") = "BlockCore.Environment", "BlockCore.Environment\BlockCore.Environment.csproj", "{35F363A7-2944-4445-BB0B-C5A8AE78C5BB}"
EndProject
Project("{FAE04EC0-301F-11D3-BF4B-00C04F79EFBC}") = "BlocksCore.Module", "BlocksCore.Module\BlocksCore.Module.csproj", "{B3521A88-6565-4C87-AF4A-8F3F5C9820B7}"
EndProject
Global
	GlobalSection(SolutionConfigurationPlatforms) = preSolution
		Debug|Any CPU = Debug|Any CPU
		Release|Any CPU = Release|Any CPU
	EndGlobalSection
	GlobalSection(ProjectConfigurationPlatforms) = postSolution
		{D8C6D0C6-8ED0-471F-92EF-0A6936C1C883}.Debug|Any CPU.ActiveCfg = Debug|Any CPU
		{D8C6D0C6-8ED0-471F-92EF-0A6936C1C883}.Debug|Any CPU.Build.0 = Debug|Any CPU
		{D8C6D0C6-8ED0-471F-92EF-0A6936C1C883}.Release|Any CPU.ActiveCfg = Release|Any CPU
		{D8C6D0C6-8ED0-471F-92EF-0A6936C1C883}.Release|Any CPU.Build.0 = Release|Any CPU
		{35F363A7-2944-4445-BB0B-C5A8AE78C5BB}.Debug|Any CPU.ActiveCfg = Debug|Any CPU
		{35F363A7-2944-4445-BB0B-C5A8AE78C5BB}.Debug|Any CPU.Build.0 = Debug|Any CPU
		{35F363A7-2944-4445-BB0B-C5A8AE78C5BB}.Release|Any CPU.ActiveCfg = Release|Any CPU
		{35F363A7-2944-4445-BB0B-C5A8AE78C5BB}.Release|Any CPU.Build.0 = Release|Any CPU
		{B3521A88-6565-4C87-AF4A-8F3F5C9820B7}.Debug|Any CPU.ActiveCfg = Debug|Any CPU
		{B3521A88-6565-4C87-AF4A-8F3F5C9820B7}.Debug|Any CPU.Build.0 = Debug|Any CPU
		{B3521A88-6565-4C87-AF4A-8F3F5C9820B7}.Release|Any CPU.ActiveCfg = Release|Any CPU
		{B3521A88-6565-4C87-AF4A-8F3F5C9820B7}.Release|Any CPU.Build.0 = Release|Any CPU
	EndGlobalSection
	GlobalSection(SolutionProperties) = preSolution
		HideSolutionNode = FALSE
	EndGlobalSection
	GlobalSection(ExtensibilityGlobals) = postSolution
		SolutionGuid = {BEFB9ABF-D7CC-4D42-BC6F-36EA8DA8A085}
	EndGlobalSection
EndGlobal
