
Microsoft Visual Studio Solution File, Format Version 12.00
# Visual Studio 15
VisualStudioVersion = 15.0.28010.2016
MinimumVisualStudioVersion = 10.0.40219.1
Project("{9A19103F-16F7-4668-BE54-9A1E7A4F7556}") = "BlocksCore.Web", "BlocksCore.Web\BlocksCore.Web.csproj", "{2D3E372A-637C-4192-9EB3-19F89A294B7F}"
EndProject
Project("{2150E333-8FDC-42A3-9474-1A3956D46DE8}") = "BlockCore", "BlockCore", "{2B0B3888-FF8C-4385-A693-23251386F3BE}"
EndProject
Project("{2150E333-8FDC-42A3-9474-1A3956D46DE8}") = "Test", "Test", "{E071A04F-7DC9-44C3-BA89-ABC50DF08D39}"
EndProject
Project("{2150E333-8FDC-42A3-9474-1A3956D46DE8}") = "Face", "Face", "{367870C3-D2C8-4A9A-9326-47EF9881CB86}"
EndProject
Project("{9A19103F-16F7-4668-BE54-9A1E7A4F7556}") = "BlocksCore.Test", "Test\BlocksCore.Test\BlocksCore.Test.csproj", "{9858A4E6-326C-42D5-967A-D82083327C66}"
EndProject
Project("{2150E333-8FDC-42A3-9474-1A3956D46DE8}") = "TestModules", "TestModules", "{C29C5F9F-22C9-4CC6-8F17-69842563BBEA}"
EndProject
Project("{2150E333-8FDC-42A3-9474-1A3956D46DE8}") = "Modular", "Modular", "{7516A50E-BE14-4B62-A8C4-5BBD113816DE}"
EndProject
Project("{9A19103F-16F7-4668-BE54-9A1E7A4F7556}") = "ModuleSample", "Test\TestModules\TestModule\ModuleSample.csproj", "{F2D5F8DB-4BA9-4D30-9D0E-D93BFE9FCE2C}"
EndProject
Project("{2150E333-8FDC-42A3-9474-1A3956D46DE8}") = "Modules", "Modules", "{3A7607EE-852C-4254-A04D-F4042F000AF7}"
EndProject
Project("{9A19103F-16F7-4668-BE54-9A1E7A4F7556}") = "BlocksCore.Resources", "Modules\BlocksCore.Resources\BlocksCore.Resources.csproj", "{9668682E-ACF6-420D-A6C1-4C3D4C6FEB92}"
EndProject
Project("{2150E333-8FDC-42A3-9474-1A3956D46DE8}") = "BlocksCore.Module.Test", "BlocksCore.Module.Test", "{35D53BB6-ED42-4091-B48B-E5B290FDF0DC}"
EndProject
Project("{2150E333-8FDC-42A3-9474-1A3956D46DE8}") = "BlocksCore.Module", "BlocksCore.Module", "{E1EF0DE1-B88F-4ADF-BBA8-B207DCE1B9F1}"
EndProject
Project("{2150E333-8FDC-42A3-9474-1A3956D46DE8}") = "BlocksCore.App", "BlocksCore.App", "{D81CEEBE-A9C0-4880-9B75-56DC81AA6164}"
EndProject
Project("{2150E333-8FDC-42A3-9474-1A3956D46DE8}") = "ModuleLoaderCore", "ModuleLoaderCore", "{3B902C58-6079-40EE-94D0-B6834933EC52}"
EndProject
Project("{9A19103F-16F7-4668-BE54-9A1E7A4F7556}") = "BlocksCore.SyntacticAbstractions", "BlocksCore\BlocksCore.SyntacticAbstractions\BlocksCore.SyntacticAbstractions.csproj", "{C2CEA517-4D31-41AD-BBEE-A3C38C09E7C6}"
EndProject
Project("{9A19103F-16F7-4668-BE54-9A1E7A4F7556}") = "BlocksCore.ResourcesManagement.Abstractions", "BlocksCore\BlocksCore.ResourcesManagement.Abstract\BlocksCore.ResourcesManagement.Abstractions.csproj", "{AF276DB5-1628-4486-BBA1-FC9B42D58CBB}"
EndProject
Project("{9A19103F-16F7-4668-BE54-9A1E7A4F7556}") = "BlocksCore.ResourcesManagement", "BlocksCore\BlocksCore.ResourcesManagement\BlocksCore.ResourcesManagement.csproj", "{866C824D-5163-467D-9B66-6F2AC517146B}"
EndProject
Project("{9A19103F-16F7-4668-BE54-9A1E7A4F7556}") = "BlocksCore.Module.Face", "BlocksCore\BlocksCore.Module.Face\BlocksCore.Module.Face.csproj", "{88B52064-71C1-45D7-AE65-739DBF3CDFB2}"
EndProject
Project("{9A19103F-16F7-4668-BE54-9A1E7A4F7556}") = "BlocksCore.Logging.Abstractions", "BlocksCore\BlocksCore.Logging.Abstractions\BlocksCore.Logging.Abstractions.csproj", "{B15F4758-2DB6-4A50-AD87-AC13042FA416}"
EndProject
Project("{9A19103F-16F7-4668-BE54-9A1E7A4F7556}") = "BlocksCore.Exception", "BlocksCore\BlocksCore.Exception\BlocksCore.Exception.csproj", "{540BA428-8FD0-4E53-9DEE-94BB04956822}"
EndProject
Project("{9A19103F-16F7-4668-BE54-9A1E7A4F7556}") = "BlocksCore.Appliction.Face", "BlocksCore\BlocksCore.Appliction.Face\BlocksCore.Appliction.Face.csproj", "{770D8BDB-28CE-4EDF-9096-A8BCC882B41B}"
EndProject
Project("{9A19103F-16F7-4668-BE54-9A1E7A4F7556}") = "BlocksCore.Test.App", "Test\BlocksCore.Test.App\BlocksCore.Test.App.csproj", "{4F8656C1-09F0-47EA-8790-2668D59342E9}"
EndProject
Project("{9A19103F-16F7-4668-BE54-9A1E7A4F7556}") = "BlocksCore.Loader.Test", "Test\BlocksCore.Loader.Test\BlocksCore.Loader.Test.csproj", "{C4C7056A-D758-4526-8B80-656E1067CBD9}"
EndProject
Project("{9A19103F-16F7-4668-BE54-9A1E7A4F7556}") = "BlocksCore.Loader", "ModuleLoaderCore\BlocksCore.Loader\BlocksCore.Loader.csproj", "{8FB708EE-2F97-4DC8-9DBC-934EA1827C26}"
EndProject
Project("{9A19103F-16F7-4668-BE54-9A1E7A4F7556}") = "BlocksCore.Loader.Abstractions", "ModuleLoaderCore\BlocksCore.Loader.Abstractions\BlocksCore.Loader.Abstractions.csproj", "{6326BAFF-5B02-4677-B8D5-E69A53426EF5}"
EndProject
Project("{9A19103F-16F7-4668-BE54-9A1E7A4F7556}") = "BlocksCore.Loader.Infrastructure", "ModuleLoaderCore\BlocksCore.Loader.Infrastructure\BlocksCore.Loader.Infrastructure.csproj", "{0B0816AF-B388-465C-A866-EA22A3D2A225}"
EndProject
Project("{9A19103F-16F7-4668-BE54-9A1E7A4F7556}") = "BlocksCore.Loader.Infrastructure.Abstractions", "ModuleLoaderCore\BlocksCore.Loader.Infrastructure.Abstractions\BlocksCore.Loader.Infrastructure.Abstractions.csproj", "{6DF712D4-CBE2-46AB-ACC7-FF9A4F3E3B0C}"
EndProject
Project("{FAE04EC0-301F-11D3-BF4B-00C04F79EFBC}") = "BlocksCore.Admin", "Modules\BlocksCore.Admin\BlocksCore.Admin.csproj", "{0A414F0A-85C5-47D3-AA99-ED97AACA35BD}"
EndProject
Project("{2150E333-8FDC-42A3-9474-1A3956D46DE8}") = "BlocksCore.Framework", "BlocksCore.Framework", "{E3AC8804-68F3-4B25-8A37-C06B0F303CE4}"
EndProject
Project("{FAE04EC0-301F-11D3-BF4B-00C04F79EFBC}") = "BlocksCore.Mvc.Core", "BlocksCore.Framework\BlocksCore.Mvc.Core\BlocksCore.Mvc.Core.csproj", "{7C749D94-CEE0-4432-BE02-42EEB0604A31}"
EndProject
Project("{FAE04EC0-301F-11D3-BF4B-00C04F79EFBC}") = "BlocksCore.Abstractions", "Core\BlocksCore.Abstractions\BlocksCore.Abstractions.csproj", "{5A927932-31F5-4808-B823-CAA5CEE56F65}"
EndProject
Project("{FAE04EC0-301F-11D3-BF4B-00C04F79EFBC}") = "BlocksCore.WebAPI", "BlocksCore\BlocksCore.WebAPI\BlocksCore.WebAPI.csproj", "{7145AD75-8C5E-476B-B08A-B195BAB204BF}"
EndProject
Project("{FAE04EC0-301F-11D3-BF4B-00C04F79EFBC}") = "BlocksCore.Application.Abstratctions", "BlocksCore\BlocksCore.Application.Abstratctions\BlocksCore.Application.Abstratctions.csproj", "{C28EE1B9-FF29-414F-BDB1-2F73D64A5ECC}"
EndProject
Project("{FAE04EC0-301F-11D3-BF4B-00C04F79EFBC}") = "BlocksCore.Application.Core", "BlocksCore\BlocksCore.Application.Core\BlocksCore.Application.Core.csproj", "{CC8ABD52-EDD1-451E-9E89-1000D729DC71}"
EndProject
Project("{FAE04EC0-301F-11D3-BF4B-00C04F79EFBC}") = "BlocksCore.Web.Abstractions", "BlocksCore\BlocksCore.Web.Abstractions\BlocksCore.Web.Abstractions.csproj", "{163F3B6A-3D0F-4C72-8221-9BA0280B2025}"
EndProject
Project("{FAE04EC0-301F-11D3-BF4B-00C04F79EFBC}") = "BlocksCore.EntryPoint", "Modules\BlocksCore.EntryPoint\BlocksCore.EntryPoint.csproj", "{769D3047-3BCE-45FE-BC74-A73892EAAEFF}"
EndProject
Project("{FAE04EC0-301F-11D3-BF4B-00C04F79EFBC}") = "BlocksCore.Navigation.Abstractions", "BlocksCore\BlocksCore.Navigation.Abstractions\BlocksCore.Navigation.Abstractions.csproj", "{F3D51376-50B3-4FBE-9E1D-604C14AE3364}"
EndProject
Project("{FAE04EC0-301F-11D3-BF4B-00C04F79EFBC}") = "BlocksCore.Navigation", "BlocksCore.Navigation\BlocksCore.Navigation.csproj", "{781CDF0B-23E6-40D0-85B3-3506A49C681B}"
EndProject
Project("{FAE04EC0-301F-11D3-BF4B-00C04F79EFBC}") = "BlocksCore.Localization.Abstractions", "BlocksCore\BlocksCore.Localization.Abstractions\BlocksCore.Localization.Abstractions.csproj", "{A0F94E30-3575-44DD-B7E8-962651F6E6CD}"
EndProject
Project("{FAE04EC0-301F-11D3-BF4B-00C04F79EFBC}") = "BlocksCore.Localization.Core", "BlocksCore\BlocksCore.Localization.Core\BlocksCore.Localization.Core.csproj", "{5B5032CA-841B-4A56-BCEA-E9729F8C633A}"
EndProject
Project("{FAE04EC0-301F-11D3-BF4B-00C04F79EFBC}") = "BlocksCore.Localization", "Modules\BlocksCore.Localization\BlocksCore.Localization.csproj", "{886BE311-5E15-4531-96C0-8B181150022F}"
EndProject
Project("{FAE04EC0-301F-11D3-BF4B-00C04F79EFBC}") = "BlocksCore.Data.Abstractions", "BlocksCore\BlocksCore.Data.Abstractions\BlocksCore.Data.Abstractions.csproj", "{07186973-6F90-477A-9DD8-F8E49D405697}"
EndProject
Project("{FAE04EC0-301F-11D3-BF4B-00C04F79EFBC}") = "BlocksCore.Data", "BlocksCore\BlocksCore.Data\BlocksCore.Data.csproj", "{D6CF6FA1-9F9D-4C71-B0CB-77D009F1B724}"
EndProject
Global
	GlobalSection(SolutionConfigurationPlatforms) = preSolution
		Debug|Any CPU = Debug|Any CPU
		Release|Any CPU = Release|Any CPU
	EndGlobalSection
	GlobalSection(ProjectConfigurationPlatforms) = postSolution
		{2D3E372A-637C-4192-9EB3-19F89A294B7F}.Debug|Any CPU.ActiveCfg = Debug|Any CPU
		{2D3E372A-637C-4192-9EB3-19F89A294B7F}.Debug|Any CPU.Build.0 = Debug|Any CPU
		{2D3E372A-637C-4192-9EB3-19F89A294B7F}.Release|Any CPU.ActiveCfg = Release|Any CPU
		{2D3E372A-637C-4192-9EB3-19F89A294B7F}.Release|Any CPU.Build.0 = Release|Any CPU
		{9858A4E6-326C-42D5-967A-D82083327C66}.Debug|Any CPU.ActiveCfg = Debug|Any CPU
		{9858A4E6-326C-42D5-967A-D82083327C66}.Debug|Any CPU.Build.0 = Debug|Any CPU
		{9858A4E6-326C-42D5-967A-D82083327C66}.Release|Any CPU.ActiveCfg = Release|Any CPU
		{9858A4E6-326C-42D5-967A-D82083327C66}.Release|Any CPU.Build.0 = Release|Any CPU
		{F2D5F8DB-4BA9-4D30-9D0E-D93BFE9FCE2C}.Debug|Any CPU.ActiveCfg = Debug|Any CPU
		{F2D5F8DB-4BA9-4D30-9D0E-D93BFE9FCE2C}.Debug|Any CPU.Build.0 = Debug|Any CPU
		{F2D5F8DB-4BA9-4D30-9D0E-D93BFE9FCE2C}.Release|Any CPU.ActiveCfg = Release|Any CPU
		{F2D5F8DB-4BA9-4D30-9D0E-D93BFE9FCE2C}.Release|Any CPU.Build.0 = Release|Any CPU
		{9668682E-ACF6-420D-A6C1-4C3D4C6FEB92}.Debug|Any CPU.ActiveCfg = Debug|Any CPU
		{9668682E-ACF6-420D-A6C1-4C3D4C6FEB92}.Debug|Any CPU.Build.0 = Debug|Any CPU
		{9668682E-ACF6-420D-A6C1-4C3D4C6FEB92}.Release|Any CPU.ActiveCfg = Release|Any CPU
		{9668682E-ACF6-420D-A6C1-4C3D4C6FEB92}.Release|Any CPU.Build.0 = Release|Any CPU
		{C2CEA517-4D31-41AD-BBEE-A3C38C09E7C6}.Debug|Any CPU.ActiveCfg = Debug|Any CPU
		{C2CEA517-4D31-41AD-BBEE-A3C38C09E7C6}.Debug|Any CPU.Build.0 = Debug|Any CPU
		{C2CEA517-4D31-41AD-BBEE-A3C38C09E7C6}.Release|Any CPU.ActiveCfg = Release|Any CPU
		{C2CEA517-4D31-41AD-BBEE-A3C38C09E7C6}.Release|Any CPU.Build.0 = Release|Any CPU
		{AF276DB5-1628-4486-BBA1-FC9B42D58CBB}.Debug|Any CPU.ActiveCfg = Debug|Any CPU
		{AF276DB5-1628-4486-BBA1-FC9B42D58CBB}.Debug|Any CPU.Build.0 = Debug|Any CPU
		{AF276DB5-1628-4486-BBA1-FC9B42D58CBB}.Release|Any CPU.ActiveCfg = Release|Any CPU
		{AF276DB5-1628-4486-BBA1-FC9B42D58CBB}.Release|Any CPU.Build.0 = Release|Any CPU
		{866C824D-5163-467D-9B66-6F2AC517146B}.Debug|Any CPU.ActiveCfg = Debug|Any CPU
		{866C824D-5163-467D-9B66-6F2AC517146B}.Debug|Any CPU.Build.0 = Debug|Any CPU
		{866C824D-5163-467D-9B66-6F2AC517146B}.Release|Any CPU.ActiveCfg = Release|Any CPU
		{866C824D-5163-467D-9B66-6F2AC517146B}.Release|Any CPU.Build.0 = Release|Any CPU
		{88B52064-71C1-45D7-AE65-739DBF3CDFB2}.Debug|Any CPU.ActiveCfg = Debug|Any CPU
		{88B52064-71C1-45D7-AE65-739DBF3CDFB2}.Debug|Any CPU.Build.0 = Debug|Any CPU
		{88B52064-71C1-45D7-AE65-739DBF3CDFB2}.Release|Any CPU.ActiveCfg = Release|Any CPU
		{88B52064-71C1-45D7-AE65-739DBF3CDFB2}.Release|Any CPU.Build.0 = Release|Any CPU
		{B15F4758-2DB6-4A50-AD87-AC13042FA416}.Debug|Any CPU.ActiveCfg = Debug|Any CPU
		{B15F4758-2DB6-4A50-AD87-AC13042FA416}.Debug|Any CPU.Build.0 = Debug|Any CPU
		{B15F4758-2DB6-4A50-AD87-AC13042FA416}.Release|Any CPU.ActiveCfg = Release|Any CPU
		{B15F4758-2DB6-4A50-AD87-AC13042FA416}.Release|Any CPU.Build.0 = Release|Any CPU
		{540BA428-8FD0-4E53-9DEE-94BB04956822}.Debug|Any CPU.ActiveCfg = Debug|Any CPU
		{540BA428-8FD0-4E53-9DEE-94BB04956822}.Debug|Any CPU.Build.0 = Debug|Any CPU
		{540BA428-8FD0-4E53-9DEE-94BB04956822}.Release|Any CPU.ActiveCfg = Release|Any CPU
		{540BA428-8FD0-4E53-9DEE-94BB04956822}.Release|Any CPU.Build.0 = Release|Any CPU
		{770D8BDB-28CE-4EDF-9096-A8BCC882B41B}.Debug|Any CPU.ActiveCfg = Debug|Any CPU
		{770D8BDB-28CE-4EDF-9096-A8BCC882B41B}.Debug|Any CPU.Build.0 = Debug|Any CPU
		{770D8BDB-28CE-4EDF-9096-A8BCC882B41B}.Release|Any CPU.ActiveCfg = Release|Any CPU
		{770D8BDB-28CE-4EDF-9096-A8BCC882B41B}.Release|Any CPU.Build.0 = Release|Any CPU
		{4F8656C1-09F0-47EA-8790-2668D59342E9}.Debug|Any CPU.ActiveCfg = Debug|Any CPU
		{4F8656C1-09F0-47EA-8790-2668D59342E9}.Debug|Any CPU.Build.0 = Debug|Any CPU
		{4F8656C1-09F0-47EA-8790-2668D59342E9}.Release|Any CPU.ActiveCfg = Release|Any CPU
		{4F8656C1-09F0-47EA-8790-2668D59342E9}.Release|Any CPU.Build.0 = Release|Any CPU
		{C4C7056A-D758-4526-8B80-656E1067CBD9}.Debug|Any CPU.ActiveCfg = Debug|Any CPU
		{C4C7056A-D758-4526-8B80-656E1067CBD9}.Debug|Any CPU.Build.0 = Debug|Any CPU
		{C4C7056A-D758-4526-8B80-656E1067CBD9}.Release|Any CPU.ActiveCfg = Release|Any CPU
		{C4C7056A-D758-4526-8B80-656E1067CBD9}.Release|Any CPU.Build.0 = Release|Any CPU
		{8FB708EE-2F97-4DC8-9DBC-934EA1827C26}.Debug|Any CPU.ActiveCfg = Debug|Any CPU
		{8FB708EE-2F97-4DC8-9DBC-934EA1827C26}.Debug|Any CPU.Build.0 = Debug|Any CPU
		{8FB708EE-2F97-4DC8-9DBC-934EA1827C26}.Release|Any CPU.ActiveCfg = Release|Any CPU
		{8FB708EE-2F97-4DC8-9DBC-934EA1827C26}.Release|Any CPU.Build.0 = Release|Any CPU
		{6326BAFF-5B02-4677-B8D5-E69A53426EF5}.Debug|Any CPU.ActiveCfg = Debug|Any CPU
		{6326BAFF-5B02-4677-B8D5-E69A53426EF5}.Debug|Any CPU.Build.0 = Debug|Any CPU
		{6326BAFF-5B02-4677-B8D5-E69A53426EF5}.Release|Any CPU.ActiveCfg = Release|Any CPU
		{6326BAFF-5B02-4677-B8D5-E69A53426EF5}.Release|Any CPU.Build.0 = Release|Any CPU
		{0B0816AF-B388-465C-A866-EA22A3D2A225}.Debug|Any CPU.ActiveCfg = Debug|Any CPU
		{0B0816AF-B388-465C-A866-EA22A3D2A225}.Debug|Any CPU.Build.0 = Debug|Any CPU
		{0B0816AF-B388-465C-A866-EA22A3D2A225}.Release|Any CPU.ActiveCfg = Release|Any CPU
		{0B0816AF-B388-465C-A866-EA22A3D2A225}.Release|Any CPU.Build.0 = Release|Any CPU
		{6DF712D4-CBE2-46AB-ACC7-FF9A4F3E3B0C}.Debug|Any CPU.ActiveCfg = Debug|Any CPU
		{6DF712D4-CBE2-46AB-ACC7-FF9A4F3E3B0C}.Debug|Any CPU.Build.0 = Debug|Any CPU
		{6DF712D4-CBE2-46AB-ACC7-FF9A4F3E3B0C}.Release|Any CPU.ActiveCfg = Release|Any CPU
		{6DF712D4-CBE2-46AB-ACC7-FF9A4F3E3B0C}.Release|Any CPU.Build.0 = Release|Any CPU
		{0A414F0A-85C5-47D3-AA99-ED97AACA35BD}.Debug|Any CPU.ActiveCfg = Debug|Any CPU
		{0A414F0A-85C5-47D3-AA99-ED97AACA35BD}.Debug|Any CPU.Build.0 = Debug|Any CPU
		{0A414F0A-85C5-47D3-AA99-ED97AACA35BD}.Release|Any CPU.ActiveCfg = Release|Any CPU
		{0A414F0A-85C5-47D3-AA99-ED97AACA35BD}.Release|Any CPU.Build.0 = Release|Any CPU
		{7C749D94-CEE0-4432-BE02-42EEB0604A31}.Debug|Any CPU.ActiveCfg = Debug|Any CPU
		{7C749D94-CEE0-4432-BE02-42EEB0604A31}.Debug|Any CPU.Build.0 = Debug|Any CPU
		{7C749D94-CEE0-4432-BE02-42EEB0604A31}.Release|Any CPU.ActiveCfg = Release|Any CPU
		{7C749D94-CEE0-4432-BE02-42EEB0604A31}.Release|Any CPU.Build.0 = Release|Any CPU
		{5A927932-31F5-4808-B823-CAA5CEE56F65}.Debug|Any CPU.ActiveCfg = Debug|Any CPU
		{5A927932-31F5-4808-B823-CAA5CEE56F65}.Debug|Any CPU.Build.0 = Debug|Any CPU
		{5A927932-31F5-4808-B823-CAA5CEE56F65}.Release|Any CPU.ActiveCfg = Release|Any CPU
		{5A927932-31F5-4808-B823-CAA5CEE56F65}.Release|Any CPU.Build.0 = Release|Any CPU
		{7145AD75-8C5E-476B-B08A-B195BAB204BF}.Debug|Any CPU.ActiveCfg = Debug|Any CPU
		{7145AD75-8C5E-476B-B08A-B195BAB204BF}.Debug|Any CPU.Build.0 = Debug|Any CPU
		{7145AD75-8C5E-476B-B08A-B195BAB204BF}.Release|Any CPU.ActiveCfg = Release|Any CPU
		{7145AD75-8C5E-476B-B08A-B195BAB204BF}.Release|Any CPU.Build.0 = Release|Any CPU
		{C28EE1B9-FF29-414F-BDB1-2F73D64A5ECC}.Debug|Any CPU.ActiveCfg = Debug|Any CPU
		{C28EE1B9-FF29-414F-BDB1-2F73D64A5ECC}.Debug|Any CPU.Build.0 = Debug|Any CPU
		{C28EE1B9-FF29-414F-BDB1-2F73D64A5ECC}.Release|Any CPU.ActiveCfg = Release|Any CPU
		{C28EE1B9-FF29-414F-BDB1-2F73D64A5ECC}.Release|Any CPU.Build.0 = Release|Any CPU
		{CC8ABD52-EDD1-451E-9E89-1000D729DC71}.Debug|Any CPU.ActiveCfg = Debug|Any CPU
		{CC8ABD52-EDD1-451E-9E89-1000D729DC71}.Debug|Any CPU.Build.0 = Debug|Any CPU
		{CC8ABD52-EDD1-451E-9E89-1000D729DC71}.Release|Any CPU.ActiveCfg = Release|Any CPU
		{CC8ABD52-EDD1-451E-9E89-1000D729DC71}.Release|Any CPU.Build.0 = Release|Any CPU
		{163F3B6A-3D0F-4C72-8221-9BA0280B2025}.Debug|Any CPU.ActiveCfg = Debug|Any CPU
		{163F3B6A-3D0F-4C72-8221-9BA0280B2025}.Debug|Any CPU.Build.0 = Debug|Any CPU
		{163F3B6A-3D0F-4C72-8221-9BA0280B2025}.Release|Any CPU.ActiveCfg = Release|Any CPU
		{163F3B6A-3D0F-4C72-8221-9BA0280B2025}.Release|Any CPU.Build.0 = Release|Any CPU
		{769D3047-3BCE-45FE-BC74-A73892EAAEFF}.Debug|Any CPU.ActiveCfg = Debug|Any CPU
		{769D3047-3BCE-45FE-BC74-A73892EAAEFF}.Debug|Any CPU.Build.0 = Debug|Any CPU
		{769D3047-3BCE-45FE-BC74-A73892EAAEFF}.Release|Any CPU.ActiveCfg = Release|Any CPU
		{769D3047-3BCE-45FE-BC74-A73892EAAEFF}.Release|Any CPU.Build.0 = Release|Any CPU
		{F3D51376-50B3-4FBE-9E1D-604C14AE3364}.Debug|Any CPU.ActiveCfg = Debug|Any CPU
		{F3D51376-50B3-4FBE-9E1D-604C14AE3364}.Debug|Any CPU.Build.0 = Debug|Any CPU
		{F3D51376-50B3-4FBE-9E1D-604C14AE3364}.Release|Any CPU.ActiveCfg = Release|Any CPU
		{F3D51376-50B3-4FBE-9E1D-604C14AE3364}.Release|Any CPU.Build.0 = Release|Any CPU
		{781CDF0B-23E6-40D0-85B3-3506A49C681B}.Debug|Any CPU.ActiveCfg = Debug|Any CPU
		{781CDF0B-23E6-40D0-85B3-3506A49C681B}.Debug|Any CPU.Build.0 = Debug|Any CPU
		{781CDF0B-23E6-40D0-85B3-3506A49C681B}.Release|Any CPU.ActiveCfg = Release|Any CPU
		{781CDF0B-23E6-40D0-85B3-3506A49C681B}.Release|Any CPU.Build.0 = Release|Any CPU
		{A0F94E30-3575-44DD-B7E8-962651F6E6CD}.Debug|Any CPU.ActiveCfg = Debug|Any CPU
		{A0F94E30-3575-44DD-B7E8-962651F6E6CD}.Debug|Any CPU.Build.0 = Debug|Any CPU
		{A0F94E30-3575-44DD-B7E8-962651F6E6CD}.Release|Any CPU.ActiveCfg = Release|Any CPU
		{A0F94E30-3575-44DD-B7E8-962651F6E6CD}.Release|Any CPU.Build.0 = Release|Any CPU
		{5B5032CA-841B-4A56-BCEA-E9729F8C633A}.Debug|Any CPU.ActiveCfg = Debug|Any CPU
		{5B5032CA-841B-4A56-BCEA-E9729F8C633A}.Debug|Any CPU.Build.0 = Debug|Any CPU
		{5B5032CA-841B-4A56-BCEA-E9729F8C633A}.Release|Any CPU.ActiveCfg = Release|Any CPU
		{5B5032CA-841B-4A56-BCEA-E9729F8C633A}.Release|Any CPU.Build.0 = Release|Any CPU
		{886BE311-5E15-4531-96C0-8B181150022F}.Debug|Any CPU.ActiveCfg = Debug|Any CPU
		{886BE311-5E15-4531-96C0-8B181150022F}.Debug|Any CPU.Build.0 = Debug|Any CPU
		{886BE311-5E15-4531-96C0-8B181150022F}.Release|Any CPU.ActiveCfg = Release|Any CPU
		{886BE311-5E15-4531-96C0-8B181150022F}.Release|Any CPU.Build.0 = Release|Any CPU
		{07186973-6F90-477A-9DD8-F8E49D405697}.Debug|Any CPU.ActiveCfg = Debug|Any CPU
		{07186973-6F90-477A-9DD8-F8E49D405697}.Debug|Any CPU.Build.0 = Debug|Any CPU
		{07186973-6F90-477A-9DD8-F8E49D405697}.Release|Any CPU.ActiveCfg = Release|Any CPU
		{07186973-6F90-477A-9DD8-F8E49D405697}.Release|Any CPU.Build.0 = Release|Any CPU
		{D6CF6FA1-9F9D-4C71-B0CB-77D009F1B724}.Debug|Any CPU.ActiveCfg = Debug|Any CPU
		{D6CF6FA1-9F9D-4C71-B0CB-77D009F1B724}.Debug|Any CPU.Build.0 = Debug|Any CPU
		{D6CF6FA1-9F9D-4C71-B0CB-77D009F1B724}.Release|Any CPU.ActiveCfg = Release|Any CPU
		{D6CF6FA1-9F9D-4C71-B0CB-77D009F1B724}.Release|Any CPU.Build.0 = Release|Any CPU
	EndGlobalSection
	GlobalSection(SolutionProperties) = preSolution
		HideSolutionNode = FALSE
	EndGlobalSection
	GlobalSection(NestedProjects) = preSolution
		{367870C3-D2C8-4A9A-9326-47EF9881CB86} = {2B0B3888-FF8C-4385-A693-23251386F3BE}
		{9858A4E6-326C-42D5-967A-D82083327C66} = {E071A04F-7DC9-44C3-BA89-ABC50DF08D39}
		{C29C5F9F-22C9-4CC6-8F17-69842563BBEA} = {E071A04F-7DC9-44C3-BA89-ABC50DF08D39}
		{7516A50E-BE14-4B62-A8C4-5BBD113816DE} = {2B0B3888-FF8C-4385-A693-23251386F3BE}
		{F2D5F8DB-4BA9-4D30-9D0E-D93BFE9FCE2C} = {C29C5F9F-22C9-4CC6-8F17-69842563BBEA}
		{9668682E-ACF6-420D-A6C1-4C3D4C6FEB92} = {3A7607EE-852C-4254-A04D-F4042F000AF7}
		{35D53BB6-ED42-4091-B48B-E5B290FDF0DC} = {E071A04F-7DC9-44C3-BA89-ABC50DF08D39}
		{E1EF0DE1-B88F-4ADF-BBA8-B207DCE1B9F1} = {35D53BB6-ED42-4091-B48B-E5B290FDF0DC}
		{D81CEEBE-A9C0-4880-9B75-56DC81AA6164} = {35D53BB6-ED42-4091-B48B-E5B290FDF0DC}
		{C2CEA517-4D31-41AD-BBEE-A3C38C09E7C6} = {2B0B3888-FF8C-4385-A693-23251386F3BE}
		{AF276DB5-1628-4486-BBA1-FC9B42D58CBB} = {2B0B3888-FF8C-4385-A693-23251386F3BE}
		{866C824D-5163-467D-9B66-6F2AC517146B} = {2B0B3888-FF8C-4385-A693-23251386F3BE}
		{88B52064-71C1-45D7-AE65-739DBF3CDFB2} = {367870C3-D2C8-4A9A-9326-47EF9881CB86}
		{B15F4758-2DB6-4A50-AD87-AC13042FA416} = {2B0B3888-FF8C-4385-A693-23251386F3BE}
		{540BA428-8FD0-4E53-9DEE-94BB04956822} = {2B0B3888-FF8C-4385-A693-23251386F3BE}
		{770D8BDB-28CE-4EDF-9096-A8BCC882B41B} = {367870C3-D2C8-4A9A-9326-47EF9881CB86}
		{4F8656C1-09F0-47EA-8790-2668D59342E9} = {D81CEEBE-A9C0-4880-9B75-56DC81AA6164}
		{C4C7056A-D758-4526-8B80-656E1067CBD9} = {E071A04F-7DC9-44C3-BA89-ABC50DF08D39}
		{8FB708EE-2F97-4DC8-9DBC-934EA1827C26} = {3B902C58-6079-40EE-94D0-B6834933EC52}
		{6326BAFF-5B02-4677-B8D5-E69A53426EF5} = {3B902C58-6079-40EE-94D0-B6834933EC52}
		{0B0816AF-B388-465C-A866-EA22A3D2A225} = {3B902C58-6079-40EE-94D0-B6834933EC52}
		{6DF712D4-CBE2-46AB-ACC7-FF9A4F3E3B0C} = {3B902C58-6079-40EE-94D0-B6834933EC52}
		{0A414F0A-85C5-47D3-AA99-ED97AACA35BD} = {3A7607EE-852C-4254-A04D-F4042F000AF7}
		{7C749D94-CEE0-4432-BE02-42EEB0604A31} = {E3AC8804-68F3-4B25-8A37-C06B0F303CE4}
		{5A927932-31F5-4808-B823-CAA5CEE56F65} = {2B0B3888-FF8C-4385-A693-23251386F3BE}
		{7145AD75-8C5E-476B-B08A-B195BAB204BF} = {2B0B3888-FF8C-4385-A693-23251386F3BE}
		{C28EE1B9-FF29-414F-BDB1-2F73D64A5ECC} = {2B0B3888-FF8C-4385-A693-23251386F3BE}
		{CC8ABD52-EDD1-451E-9E89-1000D729DC71} = {2B0B3888-FF8C-4385-A693-23251386F3BE}
		{163F3B6A-3D0F-4C72-8221-9BA0280B2025} = {2B0B3888-FF8C-4385-A693-23251386F3BE}
		{769D3047-3BCE-45FE-BC74-A73892EAAEFF} = {3A7607EE-852C-4254-A04D-F4042F000AF7}
		{F3D51376-50B3-4FBE-9E1D-604C14AE3364} = {2B0B3888-FF8C-4385-A693-23251386F3BE}
		{781CDF0B-23E6-40D0-85B3-3506A49C681B} = {2B0B3888-FF8C-4385-A693-23251386F3BE}
		{A0F94E30-3575-44DD-B7E8-962651F6E6CD} = {2B0B3888-FF8C-4385-A693-23251386F3BE}
		{5B5032CA-841B-4A56-BCEA-E9729F8C633A} = {2B0B3888-FF8C-4385-A693-23251386F3BE}
		{886BE311-5E15-4531-96C0-8B181150022F} = {3A7607EE-852C-4254-A04D-F4042F000AF7}
		{07186973-6F90-477A-9DD8-F8E49D405697} = {2B0B3888-FF8C-4385-A693-23251386F3BE}
		{D6CF6FA1-9F9D-4C71-B0CB-77D009F1B724} = {2B0B3888-FF8C-4385-A693-23251386F3BE}
	EndGlobalSection
	GlobalSection(ExtensibilityGlobals) = postSolution
		SolutionGuid = {BEFB9ABF-D7CC-4D42-BC6F-36EA8DA8A085}
	EndGlobalSection
EndGlobal
