
Microsoft Visual Studio Solution File, Format Version 12.00
# Visual Studio 15
VisualStudioVersion = 15.0.28010.2016
MinimumVisualStudioVersion = 10.0.40219.1
Project("{9A19103F-16F7-4668-BE54-9A1E7A4F7556}") = "BlocksCore.Module", "BlocksCore.Module\BlocksCore.Module.csproj", "{B3521A88-6565-4C87-AF4A-8F3F5C9820B7}"
EndProject
Project("{9A19103F-16F7-4668-BE54-9A1E7A4F7556}") = "BlocksCore.Web", "BlocksCore.Web\BlocksCore.Web.csproj", "{2D3E372A-637C-4192-9EB3-19F89A294B7F}"
EndProject
Project("{2150E333-8FDC-42A3-9474-1A3956D46DE8}") = "NewFolder1", "NewFolder1", "{2B94F0E6-B561-451A-9387-755645921A30}"
EndProject
Project("{2150E333-8FDC-42A3-9474-1A3956D46DE8}") = "BlocksCore", "BlocksCore", "{2B0B3888-FF8C-4385-A693-23251386F3BE}"
EndProject
Project("{9A19103F-16F7-4668-BE54-9A1E7A4F7556}") = "BlocksCore.Enviroment", "BlocksCore.Enviroment\BlocksCore.Enviroment.csproj", "{E2C8EC26-B090-4DD8-85FF-C79AB3EDAD7D}"
EndProject
Project("{2150E333-8FDC-42A3-9474-1A3956D46DE8}") = "Test", "Test", "{E071A04F-7DC9-44C3-BA89-ABC50DF08D39}"
EndProject
Project("{2150E333-8FDC-42A3-9474-1A3956D46DE8}") = "Face", "Face", "{367870C3-D2C8-4A9A-9326-47EF9881CB86}"
EndProject
Project("{FAE04EC0-301F-11D3-BF4B-00C04F79EFBC}") = "BlocksCore.Appliction.Face", "BlocksCore.Appliction.Face\BlocksCore.Appliction.Face.csproj", "{35412F76-529C-4791-8ACF-3CC3BA8E86F9}"
EndProject
Project("{FAE04EC0-301F-11D3-BF4B-00C04F79EFBC}") = "BlocksCore.Test", "Test\BlocksCore.Test\BlocksCore.Test.csproj", "{9858A4E6-326C-42D5-967A-D82083327C66}"
EndProject
Project("{2150E333-8FDC-42A3-9474-1A3956D46DE8}") = "TestModules", "TestModules", "{C29C5F9F-22C9-4CC6-8F17-69842563BBEA}"
EndProject
Project("{FAE04EC0-301F-11D3-BF4B-00C04F79EFBC}") = "TestModule", "Test\TestModule\TestModule.csproj", "{BF2429AF-4E43-4C6F-A111-41098F66E8F1}"
EndProject
Project("{FAE04EC0-301F-11D3-BF4B-00C04F79EFBC}") = "BlocksCore.SyntacticAbstractions", "BlocksCore.SyntacticAbstractions\BlocksCore.SyntacticAbstractions.csproj", "{3467E313-7203-4BB0-9D16-A31BA93F30CB}"
EndProject
Global
	GlobalSection(SolutionConfigurationPlatforms) = preSolution
		Debug|Any CPU = Debug|Any CPU
		Release|Any CPU = Release|Any CPU
	EndGlobalSection
	GlobalSection(ProjectConfigurationPlatforms) = postSolution
		{B3521A88-6565-4C87-AF4A-8F3F5C9820B7}.Debug|Any CPU.ActiveCfg = Debug|Any CPU
		{B3521A88-6565-4C87-AF4A-8F3F5C9820B7}.Debug|Any CPU.Build.0 = Debug|Any CPU
		{B3521A88-6565-4C87-AF4A-8F3F5C9820B7}.Release|Any CPU.ActiveCfg = Release|Any CPU
		{B3521A88-6565-4C87-AF4A-8F3F5C9820B7}.Release|Any CPU.Build.0 = Release|Any CPU
		{2D3E372A-637C-4192-9EB3-19F89A294B7F}.Debug|Any CPU.ActiveCfg = Debug|Any CPU
		{2D3E372A-637C-4192-9EB3-19F89A294B7F}.Debug|Any CPU.Build.0 = Debug|Any CPU
		{2D3E372A-637C-4192-9EB3-19F89A294B7F}.Release|Any CPU.ActiveCfg = Release|Any CPU
		{2D3E372A-637C-4192-9EB3-19F89A294B7F}.Release|Any CPU.Build.0 = Release|Any CPU
		{E2C8EC26-B090-4DD8-85FF-C79AB3EDAD7D}.Debug|Any CPU.ActiveCfg = Debug|Any CPU
		{E2C8EC26-B090-4DD8-85FF-C79AB3EDAD7D}.Debug|Any CPU.Build.0 = Debug|Any CPU
		{E2C8EC26-B090-4DD8-85FF-C79AB3EDAD7D}.Release|Any CPU.ActiveCfg = Release|Any CPU
		{E2C8EC26-B090-4DD8-85FF-C79AB3EDAD7D}.Release|Any CPU.Build.0 = Release|Any CPU
		{35412F76-529C-4791-8ACF-3CC3BA8E86F9}.Debug|Any CPU.ActiveCfg = Debug|Any CPU
		{35412F76-529C-4791-8ACF-3CC3BA8E86F9}.Debug|Any CPU.Build.0 = Debug|Any CPU
		{35412F76-529C-4791-8ACF-3CC3BA8E86F9}.Release|Any CPU.ActiveCfg = Release|Any CPU
		{35412F76-529C-4791-8ACF-3CC3BA8E86F9}.Release|Any CPU.Build.0 = Release|Any CPU
		{9858A4E6-326C-42D5-967A-D82083327C66}.Debug|Any CPU.ActiveCfg = Debug|Any CPU
		{9858A4E6-326C-42D5-967A-D82083327C66}.Debug|Any CPU.Build.0 = Debug|Any CPU
		{9858A4E6-326C-42D5-967A-D82083327C66}.Release|Any CPU.ActiveCfg = Release|Any CPU
		{9858A4E6-326C-42D5-967A-D82083327C66}.Release|Any CPU.Build.0 = Release|Any CPU
		{BF2429AF-4E43-4C6F-A111-41098F66E8F1}.Debug|Any CPU.ActiveCfg = Debug|Any CPU
		{BF2429AF-4E43-4C6F-A111-41098F66E8F1}.Debug|Any CPU.Build.0 = Debug|Any CPU
		{BF2429AF-4E43-4C6F-A111-41098F66E8F1}.Release|Any CPU.ActiveCfg = Release|Any CPU
		{BF2429AF-4E43-4C6F-A111-41098F66E8F1}.Release|Any CPU.Build.0 = Release|Any CPU
		{3467E313-7203-4BB0-9D16-A31BA93F30CB}.Debug|Any CPU.ActiveCfg = Debug|Any CPU
		{3467E313-7203-4BB0-9D16-A31BA93F30CB}.Debug|Any CPU.Build.0 = Debug|Any CPU
		{3467E313-7203-4BB0-9D16-A31BA93F30CB}.Release|Any CPU.ActiveCfg = Release|Any CPU
		{3467E313-7203-4BB0-9D16-A31BA93F30CB}.Release|Any CPU.Build.0 = Release|Any CPU
	EndGlobalSection
	GlobalSection(SolutionProperties) = preSolution
		HideSolutionNode = FALSE
	EndGlobalSection
	GlobalSection(NestedProjects) = preSolution
		{B3521A88-6565-4C87-AF4A-8F3F5C9820B7} = {2B0B3888-FF8C-4385-A693-23251386F3BE}
		{E2C8EC26-B090-4DD8-85FF-C79AB3EDAD7D} = {2B0B3888-FF8C-4385-A693-23251386F3BE}
		{367870C3-D2C8-4A9A-9326-47EF9881CB86} = {2B0B3888-FF8C-4385-A693-23251386F3BE}
		{35412F76-529C-4791-8ACF-3CC3BA8E86F9} = {367870C3-D2C8-4A9A-9326-47EF9881CB86}
		{9858A4E6-326C-42D5-967A-D82083327C66} = {E071A04F-7DC9-44C3-BA89-ABC50DF08D39}
		{C29C5F9F-22C9-4CC6-8F17-69842563BBEA} = {E071A04F-7DC9-44C3-BA89-ABC50DF08D39}
		{BF2429AF-4E43-4C6F-A111-41098F66E8F1} = {C29C5F9F-22C9-4CC6-8F17-69842563BBEA}
		{3467E313-7203-4BB0-9D16-A31BA93F30CB} = {2B0B3888-FF8C-4385-A693-23251386F3BE}
	EndGlobalSection
	GlobalSection(ExtensibilityGlobals) = postSolution
		SolutionGuid = {BEFB9ABF-D7CC-4D42-BC6F-36EA8DA8A085}
	EndGlobalSection
EndGlobal
